
Microsoft Visual Studio Solution File, Format Version 12.00
# Visual Studio Version 17
Project("{8BC9CEB8-8B4A-11D0-8D11-00A0C91BC942}") = "ALL_BUILD", "ALL_BUILD.vcxproj", "{7393BFDD-F8F8-3D34-974D-6800C9B87E76}"
	ProjectSection(ProjectDependencies) = postProject
		{B09AE4F3-48D6-3420-A326-F5B9646C761E} = {B09AE4F3-48D6-3420-A326-F5B9646C761E}
		{F1FD9161-3E17-3E08-AB21-F255DECFB21A} = {F1FD9161-3E17-3E08-AB21-F255DECFB21A}
		{464F03B2-33DE-3F62-AACD-DB522DC8D415} = {464F03B2-33DE-3F62-AACD-DB522DC8D415}
		{FAC8CC09-56A1-3484-B137-CED8F25A1D45} = {FAC8CC09-56A1-3484-B137-CED8F25A1D45}
		{E327046C-C76F-3109-AA64-DFF0D2C0BF6E} = {E327046C-C76F-3109-AA64-DFF0D2C0BF6E}
	EndProjectSection
EndProject
Project("{8BC9CEB8-8B4A-11D0-8D11-00A0C91BC942}") = "INSTALL", "INSTALL.vcxproj", "{11F370D8-9EC8-3035-A897-373675012F49}"
	ProjectSection(ProjectDependencies) = postProject
		{7393BFDD-F8F8-3D34-974D-6800C9B87E76} = {7393BFDD-F8F8-3D34-974D-6800C9B87E76}
		{B09AE4F3-48D6-3420-A326-F5B9646C761E} = {B09AE4F3-48D6-3420-A326-F5B9646C761E}
	EndProjectSection
EndProject
Project("{8BC9CEB8-8B4A-11D0-8D11-00A0C91BC942}") = "RUN_TESTS", "RUN_TESTS.vcxproj", "{FE548B53-3829-36C2-8414-956206137ECE}"
	ProjectSection(ProjectDependencies) = postProject
		{B09AE4F3-48D6-3420-A326-F5B9646C761E} = {B09AE4F3-48D6-3420-A326-F5B9646C761E}
	EndProjectSection
EndProject
Project("{8BC9CEB8-8B4A-11D0-8D11-00A0C91BC942}") = "ZERO_CHECK", "..\..\\ZERO_CHECK.vcxproj", "{B09AE4F3-48D6-3420-A326-F5B9646C761E}"
	ProjectSection(ProjectDependencies) = postProject
	EndProjectSection
EndProject
Project("{8BC9CEB8-8B4A-11D0-8D11-00A0C91BC942}") = "gmock", "googlemock\gmock.vcxproj", "{F1FD9161-3E17-3E08-AB21-F255DECFB21A}"
	ProjectSection(ProjectDependencies) = postProject
		{B09AE4F3-48D6-3420-A326-F5B9646C761E} = {B09AE4F3-48D6-3420-A326-F5B9646C761E}
	EndProjectSection
EndProject
Project("{8BC9CEB8-8B4A-11D0-8D11-00A0C91BC942}") = "gmock_main", "googlemock\gmock_main.vcxproj", "{464F03B2-33DE-3F62-AACD-DB522DC8D415}"
	ProjectSection(ProjectDependencies) = postProject
		{B09AE4F3-48D6-3420-A326-F5B9646C761E} = {B09AE4F3-48D6-3420-A326-F5B9646C761E}
	EndProjectSection
EndProject
Project("{8BC9CEB8-8B4A-11D0-8D11-00A0C91BC942}") = "gtest", "googletest\gtest.vcxproj", "{FAC8CC09-56A1-3484-B137-CED8F25A1D45}"
	ProjectSection(ProjectDependencies) = postProject
		{B09AE4F3-48D6-3420-A326-F5B9646C761E} = {B09AE4F3-48D6-3420-A326-F5B9646C761E}
	EndProjectSection
EndProject
Project("{8BC9CEB8-8B4A-11D0-8D11-00A0C91BC942}") = "gtest_main", "googletest\gtest_main.vcxproj", "{E327046C-C76F-3109-AA64-DFF0D2C0BF6E}"
	ProjectSection(ProjectDependencies) = postProject
		{B09AE4F3-48D6-3420-A326-F5B9646C761E} = {B09AE4F3-48D6-3420-A326-F5B9646C761E}
		{FAC8CC09-56A1-3484-B137-CED8F25A1D45} = {FAC8CC09-56A1-3484-B137-CED8F25A1D45}
	EndProjectSection
EndProject
Global
	GlobalSection(SolutionConfigurationPlatforms) = preSolution
		Debug|x64 = Debug|x64
		Release|x64 = Release|x64
		MinSizeRel|x64 = MinSizeRel|x64
		RelWithDebInfo|x64 = RelWithDebInfo|x64
	EndGlobalSection
	GlobalSection(ProjectConfigurationPlatforms) = postSolution
		{7393BFDD-F8F8-3D34-974D-6800C9B87E76}.Debug|x64.ActiveCfg = Debug|x64
		{7393BFDD-F8F8-3D34-974D-6800C9B87E76}.Debug|x64.Build.0 = Debug|x64
		{7393BFDD-F8F8-3D34-974D-6800C9B87E76}.Release|x64.ActiveCfg = Release|x64
		{7393BFDD-F8F8-3D34-974D-6800C9B87E76}.Release|x64.Build.0 = Release|x64
		{7393BFDD-F8F8-3D34-974D-6800C9B87E76}.MinSizeRel|x64.ActiveCfg = MinSizeRel|x64
		{7393BFDD-F8F8-3D34-974D-6800C9B87E76}.MinSizeRel|x64.Build.0 = MinSizeRel|x64
		{7393BFDD-F8F8-3D34-974D-6800C9B87E76}.RelWithDebInfo|x64.ActiveCfg = RelWithDebInfo|x64
		{7393BFDD-F8F8-3D34-974D-6800C9B87E76}.RelWithDebInfo|x64.Build.0 = RelWithDebInfo|x64
		{11F370D8-9EC8-3035-A897-373675012F49}.Debug|x64.ActiveCfg = Debug|x64
		{11F370D8-9EC8-3035-A897-373675012F49}.Release|x64.ActiveCfg = Release|x64
		{11F370D8-9EC8-3035-A897-373675012F49}.MinSizeRel|x64.ActiveCfg = MinSizeRel|x64
		{11F370D8-9EC8-3035-A897-373675012F49}.RelWithDebInfo|x64.ActiveCfg = RelWithDebInfo|x64
		{FE548B53-3829-36C2-8414-956206137ECE}.Debug|x64.ActiveCfg = Debug|x64
		{FE548B53-3829-36C2-8414-956206137ECE}.Release|x64.ActiveCfg = Release|x64
		{FE548B53-3829-36C2-8414-956206137ECE}.MinSizeRel|x64.ActiveCfg = MinSizeRel|x64
		{FE548B53-3829-36C2-8414-956206137ECE}.RelWithDebInfo|x64.ActiveCfg = RelWithDebInfo|x64
		{B09AE4F3-48D6-3420-A326-F5B9646C761E}.Debug|x64.ActiveCfg = Debug|x64
		{B09AE4F3-48D6-3420-A326-F5B9646C761E}.Debug|x64.Build.0 = Debug|x64
		{B09AE4F3-48D6-3420-A326-F5B9646C761E}.Release|x64.ActiveCfg = Release|x64
		{B09AE4F3-48D6-3420-A326-F5B9646C761E}.Release|x64.Build.0 = Release|x64
		{B09AE4F3-48D6-3420-A326-F5B9646C761E}.MinSizeRel|x64.ActiveCfg = MinSizeRel|x64
		{B09AE4F3-48D6-3420-A326-F5B9646C761E}.MinSizeRel|x64.Build.0 = MinSizeRel|x64
		{B09AE4F3-48D6-3420-A326-F5B9646C761E}.RelWithDebInfo|x64.ActiveCfg = RelWithDebInfo|x64
		{B09AE4F3-48D6-3420-A326-F5B9646C761E}.RelWithDebInfo|x64.Build.0 = RelWithDebInfo|x64
		{F1FD9161-3E17-3E08-AB21-F255DECFB21A}.Debug|x64.ActiveCfg = Debug|x64
		{F1FD9161-3E17-3E08-AB21-F255DECFB21A}.Debug|x64.Build.0 = Debug|x64
		{F1FD9161-3E17-3E08-AB21-F255DECFB21A}.Release|x64.ActiveCfg = Release|x64
		{F1FD9161-3E17-3E08-AB21-F255DECFB21A}.Release|x64.Build.0 = Release|x64
		{F1FD9161-3E17-3E08-AB21-F255DECFB21A}.MinSizeRel|x64.ActiveCfg = MinSizeRel|x64
		{F1FD9161-3E17-3E08-AB21-F255DECFB21A}.MinSizeRel|x64.Build.0 = MinSizeRel|x64
		{F1FD9161-3E17-3E08-AB21-F255DECFB21A}.RelWithDebInfo|x64.ActiveCfg = RelWithDebInfo|x64
		{F1FD9161-3E17-3E08-AB21-F255DECFB21A}.RelWithDebInfo|x64.Build.0 = RelWithDebInfo|x64
		{464F03B2-33DE-3F62-AACD-DB522DC8D415}.Debug|x64.ActiveCfg = Debug|x64
		{464F03B2-33DE-3F62-AACD-DB522DC8D415}.Debug|x64.Build.0 = Debug|x64
		{464F03B2-33DE-3F62-AACD-DB522DC8D415}.Release|x64.ActiveCfg = Release|x64
		{464F03B2-33DE-3F62-AACD-DB522DC8D415}.Release|x64.Build.0 = Release|x64
		{464F03B2-33DE-3F62-AACD-DB522DC8D415}.MinSizeRel|x64.ActiveCfg = MinSizeRel|x64
		{464F03B2-33DE-3F62-AACD-DB522DC8D415}.MinSizeRel|x64.Build.0 = MinSizeRel|x64
		{464F03B2-33DE-3F62-AACD-DB522DC8D415}.RelWithDebInfo|x64.ActiveCfg = RelWithDebInfo|x64
		{464F03B2-33DE-3F62-AACD-DB522DC8D415}.RelWithDebInfo|x64.Build.0 = RelWithDebInfo|x64
		{FAC8CC09-56A1-3484-B137-CED8F25A1D45}.Debug|x64.ActiveCfg = Debug|x64
		{FAC8CC09-56A1-3484-B137-CED8F25A1D45}.Debug|x64.Build.0 = Debug|x64
		{FAC8CC09-56A1-3484-B137-CED8F25A1D45}.Release|x64.ActiveCfg = Release|x64
		{FAC8CC09-56A1-3484-B137-CED8F25A1D45}.Release|x64.Build.0 = Release|x64
		{FAC8CC09-56A1-3484-B137-CED8F25A1D45}.MinSizeRel|x64.ActiveCfg = MinSizeRel|x64
		{FAC8CC09-56A1-3484-B137-CED8F25A1D45}.MinSizeRel|x64.Build.0 = MinSizeRel|x64
		{FAC8CC09-56A1-3484-B137-CED8F25A1D45}.RelWithDebInfo|x64.ActiveCfg = RelWithDebInfo|x64
		{FAC8CC09-56A1-3484-B137-CED8F25A1D45}.RelWithDebInfo|x64.Build.0 = RelWithDebInfo|x64
		{E327046C-C76F-3109-AA64-DFF0D2C0BF6E}.Debug|x64.ActiveCfg = Debug|x64
		{E327046C-C76F-3109-AA64-DFF0D2C0BF6E}.Debug|x64.Build.0 = Debug|x64
		{E327046C-C76F-3109-AA64-DFF0D2C0BF6E}.Release|x64.ActiveCfg = Release|x64
		{E327046C-C76F-3109-AA64-DFF0D2C0BF6E}.Release|x64.Build.0 = Release|x64
		{E327046C-C76F-3109-AA64-DFF0D2C0BF6E}.MinSizeRel|x64.ActiveCfg = MinSizeRel|x64
		{E327046C-C76F-3109-AA64-DFF0D2C0BF6E}.MinSizeRel|x64.Build.0 = MinSizeRel|x64
		{E327046C-C76F-3109-AA64-DFF0D2C0BF6E}.RelWithDebInfo|x64.ActiveCfg = RelWithDebInfo|x64
		{E327046C-C76F-3109-AA64-DFF0D2C0BF6E}.RelWithDebInfo|x64.Build.0 = RelWithDebInfo|x64
	EndGlobalSection
	GlobalSection(ExtensibilityGlobals) = postSolution
		SolutionGuid = {0B8FAF26-6D00-396F-B61C-9B5483512A74}
	EndGlobalSection
	GlobalSection(ExtensibilityAddIns) = postSolution
	EndGlobalSection
EndGlobal
